// !$*UTF8*$!
{
	archiveVersion = 1;
	classes = {
	};
	objectVersion = 46;
	objects = {

/* Begin PBXBuildFile section */
		070246D51CF6D23E00DF03B1 /* RealmProvider.swift in Sources */ = {isa = PBXBuildFile; fileRef = 070246D41CF6D23E00DF03B1 /* RealmProvider.swift */; };
		073876731CEDD1B600D927E7 /* ModernContactStore.swift in Sources */ = {isa = PBXBuildFile; fileRef = 073876721CEDD1B600D927E7 /* ModernContactStore.swift */; };
		073876751CEDDF5700D927E7 /* RealmMigration.swift in Sources */ = {isa = PBXBuildFile; fileRef = 073876741CEDDF5700D927E7 /* RealmMigration.swift */; };
		0746566A1CEA17C2008E5F45 /* PasscodeLockConfiguration.swift in Sources */ = {isa = PBXBuildFile; fileRef = 074656691CEA17C2008E5F45 /* PasscodeLockConfiguration.swift */; };
		0746566C1CEA17E2008E5F45 /* UserDefaultsPasscodeRepository.swift in Sources */ = {isa = PBXBuildFile; fileRef = 0746566B1CEA17E2008E5F45 /* UserDefaultsPasscodeRepository.swift */; };
		075B0AD21CD8E10100464EBC /* BuddyListViewController.swift in Sources */ = {isa = PBXBuildFile; fileRef = 075B0AD01CD8E10100464EBC /* BuddyListViewController.swift */; };
		075B0AD31CD8E10100464EBC /* BuddyListViewController.xib in Resources */ = {isa = PBXBuildFile; fileRef = 075B0AD11CD8E10100464EBC /* BuddyListViewController.xib */; };
		075B0ADA1CD8E4F700464EBC /* Buddy.swift in Sources */ = {isa = PBXBuildFile; fileRef = 075B0AD91CD8E4F700464EBC /* Buddy.swift */; };
		075B0ADC1CD8E51000464EBC /* Topic.swift in Sources */ = {isa = PBXBuildFile; fileRef = 075B0ADB1CD8E51000464EBC /* Topic.swift */; };
		075B0ADF1CD8EDFB00464EBC /* BuddyListPresenter.swift in Sources */ = {isa = PBXBuildFile; fileRef = 075B0ADE1CD8EDFB00464EBC /* BuddyListPresenter.swift */; };
		075F8B681CF5D83200808933 /* CommonLoadingView.xib in Resources */ = {isa = PBXBuildFile; fileRef = 075F8B671CF5D83200808933 /* CommonLoadingView.xib */; };
		075F8B6A1CF5DA4100808933 /* CommonLoadingView.swift in Sources */ = {isa = PBXBuildFile; fileRef = 075F8B691CF5DA4100808933 /* CommonLoadingView.swift */; };
		07612FB81CDA1D07009E1600 /* DataStoreProtocol.swift in Sources */ = {isa = PBXBuildFile; fileRef = 07612FB71CDA1D07009E1600 /* DataStoreProtocol.swift */; };
		07612FBA1CDA1D1B009E1600 /* CrudStoreError.swift in Sources */ = {isa = PBXBuildFile; fileRef = 07612FB91CDA1D1B009E1600 /* CrudStoreError.swift */; };
		07612FBF1CDA1D64009E1600 /* MemDataStore.swift in Sources */ = {isa = PBXBuildFile; fileRef = 07612FBE1CDA1D64009E1600 /* MemDataStore.swift */; };
		07612FC11CDA24B7009E1600 /* BuddyDisplayData.swift in Sources */ = {isa = PBXBuildFile; fileRef = 07612FC01CDA24B7009E1600 /* BuddyDisplayData.swift */; };
		07612FC61CDA2F6E009E1600 /* BuddyTableCell.swift in Sources */ = {isa = PBXBuildFile; fileRef = 07612FC41CDA2F6E009E1600 /* BuddyTableCell.swift */; };
		07612FC71CDA2F6E009E1600 /* BuddyTableCell.xib in Resources */ = {isa = PBXBuildFile; fileRef = 07612FC51CDA2F6E009E1600 /* BuddyTableCell.xib */; };
		07796C9C1CD8CE5900CD6FDA /* AppDelegate.swift in Sources */ = {isa = PBXBuildFile; fileRef = 07796C9B1CD8CE5900CD6FDA /* AppDelegate.swift */; };
		07796CA31CD8CE5900CD6FDA /* Assets.xcassets in Resources */ = {isa = PBXBuildFile; fileRef = 07796CA21CD8CE5900CD6FDA /* Assets.xcassets */; };
		07796CA61CD8CE5900CD6FDA /* LaunchScreen.storyboard in Resources */ = {isa = PBXBuildFile; fileRef = 07796CA41CD8CE5900CD6FDA /* LaunchScreen.storyboard */; };
		079B996F1CF70691008E0045 /* CommonEmptyView.swift in Sources */ = {isa = PBXBuildFile; fileRef = 079B996E1CF70691008E0045 /* CommonEmptyView.swift */; };
		079B99711CF706A0008E0045 /* CommonEmptyView.xib in Resources */ = {isa = PBXBuildFile; fileRef = 079B99701CF706A0008E0045 /* CommonEmptyView.xib */; };
		079F19761CDB440900D2AE2E /* Localizable.strings in Resources */ = {isa = PBXBuildFile; fileRef = 079F19781CDB440900D2AE2E /* Localizable.strings */; };
		079F197F1CDB56FD00D2AE2E /* TopicTableCell.swift in Sources */ = {isa = PBXBuildFile; fileRef = 079F197D1CDB56FD00D2AE2E /* TopicTableCell.swift */; };
		079F19801CDB56FD00D2AE2E /* TopicTableCell.xib in Resources */ = {isa = PBXBuildFile; fileRef = 079F197E1CDB56FD00D2AE2E /* TopicTableCell.xib */; };
		079F19831CDB573F00D2AE2E /* TopicListViewController.swift in Sources */ = {isa = PBXBuildFile; fileRef = 079F19811CDB573F00D2AE2E /* TopicListViewController.swift */; };
		079F19841CDB573F00D2AE2E /* TopicListViewController.xib in Resources */ = {isa = PBXBuildFile; fileRef = 079F19821CDB573F00D2AE2E /* TopicListViewController.xib */; };
		079F19861CDB58F200D2AE2E /* TopicListItemDisplayData.swift in Sources */ = {isa = PBXBuildFile; fileRef = 079F19851CDB58F200D2AE2E /* TopicListItemDisplayData.swift */; };
		079F19881CDB596100D2AE2E /* TopicListPresenter.swift in Sources */ = {isa = PBXBuildFile; fileRef = 079F19871CDB596100D2AE2E /* TopicListPresenter.swift */; };
		079F198E1CDB90D400D2AE2E /* AddTopicViewController.swift in Sources */ = {isa = PBXBuildFile; fileRef = 079F198C1CDB90D400D2AE2E /* AddTopicViewController.swift */; };
		079F198F1CDB90D400D2AE2E /* AddTopicViewController.xib in Resources */ = {isa = PBXBuildFile; fileRef = 079F198D1CDB90D400D2AE2E /* AddTopicViewController.xib */; };
		079F19911CDB91A300D2AE2E /* AddTopicPresenter.swift in Sources */ = {isa = PBXBuildFile; fileRef = 079F19901CDB91A300D2AE2E /* AddTopicPresenter.swift */; };
		07AAA72E1CF85739003A966B /* CommonStateView.swift in Sources */ = {isa = PBXBuildFile; fileRef = 07AAA72D1CF85739003A966B /* CommonStateView.swift */; };
		07AF68491CDA02230082A68A /* Router.swift in Sources */ = {isa = PBXBuildFile; fileRef = 07AF68481CDA02230082A68A /* Router.swift */; };
		07B758E41CE5B52600C8726B /* RealmModels.swift in Sources */ = {isa = PBXBuildFile; fileRef = 07B758E31CE5B52600C8726B /* RealmModels.swift */; };
		07B7BD6C1CF3286C0068B061 /* RealmTestCase.swift in Sources */ = {isa = PBXBuildFile; fileRef = 07B7BD6B1CF3286C0068B061 /* RealmTestCase.swift */; };
		07BA09DE1CDCE8F100E075B5 /* ContactListItemDisplayData.swift in Sources */ = {isa = PBXBuildFile; fileRef = 07BA09DD1CDCE8F100E075B5 /* ContactListItemDisplayData.swift */; };
		07BDE08B1CEB347A004CE5EC /* SettingsViewController.swift in Sources */ = {isa = PBXBuildFile; fileRef = 07BDE08A1CEB347A004CE5EC /* SettingsViewController.swift */; };
		07BDE08E1CEB35CE004CE5EC /* SettingsForm.swift in Sources */ = {isa = PBXBuildFile; fileRef = 07BDE08D1CEB35CE004CE5EC /* SettingsForm.swift */; };
		07BDE0921CEB480E004CE5EC /* SettingsPresenter.swift in Sources */ = {isa = PBXBuildFile; fileRef = 07BDE0911CEB480E004CE5EC /* SettingsPresenter.swift */; };
		07BDE0971CEB52D7004CE5EC /* SettingsProvider.swift in Sources */ = {isa = PBXBuildFile; fileRef = 07BDE0961CEB52D7004CE5EC /* SettingsProvider.swift */; };
		07D637B01CE47B89000D637A /* NotificationManagerLogic.swift in Sources */ = {isa = PBXBuildFile; fileRef = 07D637AF1CE47B89000D637A /* NotificationManagerLogic.swift */; };
		07D637B21CE49D3D000D637A /* NotificationManager.swift in Sources */ = {isa = PBXBuildFile; fileRef = 07D637B11CE49D3D000D637A /* NotificationManager.swift */; };
		07DC536A1CEEF70700DF8C6D /* default-v0.realm in Resources */ = {isa = PBXBuildFile; fileRef = 07DC53691CEEF70700DF8C6D /* default-v0.realm */; };
		07DC536C1CEEF77A00DF8C6D /* MigrationTests.swift in Sources */ = {isa = PBXBuildFile; fileRef = 07DC536B1CEEF77A00DF8C6D /* MigrationTests.swift */; };
		07DEAFD61CEC83F3009070F3 /* PasscodeLock.strings in Resources */ = {isa = PBXBuildFile; fileRef = 07DEAFD81CEC83F3009070F3 /* PasscodeLock.strings */; };
		07DEAFDD1CEC8A90009070F3 /* LocalizedPasscodeViewController.swift in Sources */ = {isa = PBXBuildFile; fileRef = 07DEAFDC1CEC8A90009070F3 /* LocalizedPasscodeViewController.swift */; };
		07DEAFEC1CECBD97009070F3 /* ContactStoreProtocol.swift in Sources */ = {isa = PBXBuildFile; fileRef = 07DEAFEB1CECBD97009070F3 /* ContactStoreProtocol.swift */; };
		07DEAFEE1CECBDA6009070F3 /* Contact.swift in Sources */ = {isa = PBXBuildFile; fileRef = 07DEAFED1CECBDA6009070F3 /* Contact.swift */; };
		07DEAFF01CECBEA8009070F3 /* AddressBookContactStore.swift in Sources */ = {isa = PBXBuildFile; fileRef = 07DEAFEF1CECBEA8009070F3 /* AddressBookContactStore.swift */; };
		07E5D7191CFC3F8900C2DEAC /* GoogleService-Info.plist in Resources */ = {isa = PBXBuildFile; fileRef = 07E5D7181CFC3F8900C2DEAC /* GoogleService-Info.plist */; };
		07F149A71CFD8E8F00C63CC7 /* MockAuthProvider.swift in Sources */ = {isa = PBXBuildFile; fileRef = 07F149A61CFD8E8F00C63CC7 /* MockAuthProvider.swift */; };
		07F388A31CFC74B7009B1475 /* AuthProvider.swift in Sources */ = {isa = PBXBuildFile; fileRef = 07F388A21CFC74B7009B1475 /* AuthProvider.swift */; };
		07F388A51CFC7579009B1475 /* FirebaseAuthProvider.swift in Sources */ = {isa = PBXBuildFile; fileRef = 07F388A41CFC7579009B1475 /* FirebaseAuthProvider.swift */; };
		07FA2E491CE4CB4100BE1EFE /* RealmDataStore.swift in Sources */ = {isa = PBXBuildFile; fileRef = 07FA2E481CE4CB4100BE1EFE /* RealmDataStore.swift */; };
		46651E4CC1102D15D96019B0 /* Pods_Dont_Forget_To_Say.framework in Frameworks */ = {isa = PBXBuildFile; fileRef = 6CB6ADEAB575DA82DA7C0E22 /* Pods_Dont_Forget_To_Say.framework */; };
/* End PBXBuildFile section */

/* Begin PBXContainerItemProxy section */
		07DC53611CEEF63D00DF8C6D /* PBXContainerItemProxy */ = {
			isa = PBXContainerItemProxy;
			containerPortal = 07796C901CD8CE5900CD6FDA /* Project object */;
			proxyType = 1;
			remoteGlobalIDString = 07796C971CD8CE5900CD6FDA;
			remoteInfo = "Dont Forget To Say";
		};
/* End PBXContainerItemProxy section */

/* Begin PBXFileReference section */
		070246D41CF6D23E00DF03B1 /* RealmProvider.swift */ = {isa = PBXFileReference; fileEncoding = 4; lastKnownFileType = sourcecode.swift; path = RealmProvider.swift; sourceTree = "<group>"; };
		073876721CEDD1B600D927E7 /* ModernContactStore.swift */ = {isa = PBXFileReference; fileEncoding = 4; lastKnownFileType = sourcecode.swift; path = ModernContactStore.swift; sourceTree = "<group>"; };
		073876741CEDDF5700D927E7 /* RealmMigration.swift */ = {isa = PBXFileReference; fileEncoding = 4; lastKnownFileType = sourcecode.swift; path = RealmMigration.swift; sourceTree = "<group>"; };
		074656691CEA17C2008E5F45 /* PasscodeLockConfiguration.swift */ = {isa = PBXFileReference; fileEncoding = 4; lastKnownFileType = sourcecode.swift; path = PasscodeLockConfiguration.swift; sourceTree = "<group>"; };
		0746566B1CEA17E2008E5F45 /* UserDefaultsPasscodeRepository.swift */ = {isa = PBXFileReference; fileEncoding = 4; lastKnownFileType = sourcecode.swift; path = UserDefaultsPasscodeRepository.swift; sourceTree = "<group>"; };
		075B0AD01CD8E10100464EBC /* BuddyListViewController.swift */ = {isa = PBXFileReference; fileEncoding = 4; lastKnownFileType = sourcecode.swift; path = BuddyListViewController.swift; sourceTree = "<group>"; };
		075B0AD11CD8E10100464EBC /* BuddyListViewController.xib */ = {isa = PBXFileReference; fileEncoding = 4; lastKnownFileType = file.xib; path = BuddyListViewController.xib; sourceTree = "<group>"; };
		075B0AD91CD8E4F700464EBC /* Buddy.swift */ = {isa = PBXFileReference; fileEncoding = 4; lastKnownFileType = sourcecode.swift; path = Buddy.swift; sourceTree = "<group>"; };
		075B0ADB1CD8E51000464EBC /* Topic.swift */ = {isa = PBXFileReference; fileEncoding = 4; lastKnownFileType = sourcecode.swift; path = Topic.swift; sourceTree = "<group>"; };
		075B0ADE1CD8EDFB00464EBC /* BuddyListPresenter.swift */ = {isa = PBXFileReference; fileEncoding = 4; lastKnownFileType = sourcecode.swift; path = BuddyListPresenter.swift; sourceTree = "<group>"; };
		075F8B671CF5D83200808933 /* CommonLoadingView.xib */ = {isa = PBXFileReference; fileEncoding = 4; lastKnownFileType = file.xib; path = CommonLoadingView.xib; sourceTree = "<group>"; };
		075F8B691CF5DA4100808933 /* CommonLoadingView.swift */ = {isa = PBXFileReference; fileEncoding = 4; lastKnownFileType = sourcecode.swift; path = CommonLoadingView.swift; sourceTree = "<group>"; };
		07612FB71CDA1D07009E1600 /* DataStoreProtocol.swift */ = {isa = PBXFileReference; fileEncoding = 4; lastKnownFileType = sourcecode.swift; path = DataStoreProtocol.swift; sourceTree = "<group>"; };
		07612FB91CDA1D1B009E1600 /* CrudStoreError.swift */ = {isa = PBXFileReference; fileEncoding = 4; lastKnownFileType = sourcecode.swift; path = CrudStoreError.swift; sourceTree = "<group>"; };
		07612FBE1CDA1D64009E1600 /* MemDataStore.swift */ = {isa = PBXFileReference; fileEncoding = 4; lastKnownFileType = sourcecode.swift; path = MemDataStore.swift; sourceTree = "<group>"; };
		07612FC01CDA24B7009E1600 /* BuddyDisplayData.swift */ = {isa = PBXFileReference; fileEncoding = 4; lastKnownFileType = sourcecode.swift; path = BuddyDisplayData.swift; sourceTree = "<group>"; };
		07612FC41CDA2F6E009E1600 /* BuddyTableCell.swift */ = {isa = PBXFileReference; fileEncoding = 4; lastKnownFileType = sourcecode.swift; path = BuddyTableCell.swift; sourceTree = "<group>"; };
		07612FC51CDA2F6E009E1600 /* BuddyTableCell.xib */ = {isa = PBXFileReference; fileEncoding = 4; lastKnownFileType = file.xib; path = BuddyTableCell.xib; sourceTree = "<group>"; };
		07796C981CD8CE5900CD6FDA /* Dont Forget To Say.app */ = {isa = PBXFileReference; explicitFileType = wrapper.application; includeInIndex = 0; path = "Dont Forget To Say.app"; sourceTree = BUILT_PRODUCTS_DIR; };
		07796C9B1CD8CE5900CD6FDA /* AppDelegate.swift */ = {isa = PBXFileReference; lastKnownFileType = sourcecode.swift; path = AppDelegate.swift; sourceTree = "<group>"; };
		07796CA21CD8CE5900CD6FDA /* Assets.xcassets */ = {isa = PBXFileReference; lastKnownFileType = folder.assetcatalog; path = Assets.xcassets; sourceTree = "<group>"; };
		07796CA51CD8CE5900CD6FDA /* Base */ = {isa = PBXFileReference; lastKnownFileType = file.storyboard; name = Base; path = Base.lproj/LaunchScreen.storyboard; sourceTree = "<group>"; };
		07796CA71CD8CE5900CD6FDA /* Info.plist */ = {isa = PBXFileReference; lastKnownFileType = text.plist.xml; path = Info.plist; sourceTree = "<group>"; };
		079B996E1CF70691008E0045 /* CommonEmptyView.swift */ = {isa = PBXFileReference; fileEncoding = 4; lastKnownFileType = sourcecode.swift; path = CommonEmptyView.swift; sourceTree = "<group>"; };
		079B99701CF706A0008E0045 /* CommonEmptyView.xib */ = {isa = PBXFileReference; fileEncoding = 4; lastKnownFileType = file.xib; path = CommonEmptyView.xib; sourceTree = "<group>"; };
		079F19771CDB440900D2AE2E /* ru */ = {isa = PBXFileReference; lastKnownFileType = text.plist.strings; name = ru; path = ru.lproj/Localizable.strings; sourceTree = "<group>"; };
		079F19791CDB442800D2AE2E /* Base */ = {isa = PBXFileReference; lastKnownFileType = text.plist.strings; name = Base; path = Base.lproj/Localizable.strings; sourceTree = "<group>"; };
		079F197D1CDB56FD00D2AE2E /* TopicTableCell.swift */ = {isa = PBXFileReference; fileEncoding = 4; lastKnownFileType = sourcecode.swift; path = TopicTableCell.swift; sourceTree = "<group>"; };
		079F197E1CDB56FD00D2AE2E /* TopicTableCell.xib */ = {isa = PBXFileReference; fileEncoding = 4; lastKnownFileType = file.xib; path = TopicTableCell.xib; sourceTree = "<group>"; };
		079F19811CDB573F00D2AE2E /* TopicListViewController.swift */ = {isa = PBXFileReference; fileEncoding = 4; lastKnownFileType = sourcecode.swift; path = TopicListViewController.swift; sourceTree = "<group>"; };
		079F19821CDB573F00D2AE2E /* TopicListViewController.xib */ = {isa = PBXFileReference; fileEncoding = 4; lastKnownFileType = file.xib; path = TopicListViewController.xib; sourceTree = "<group>"; };
		079F19851CDB58F200D2AE2E /* TopicListItemDisplayData.swift */ = {isa = PBXFileReference; fileEncoding = 4; lastKnownFileType = sourcecode.swift; path = TopicListItemDisplayData.swift; sourceTree = "<group>"; };
		079F19871CDB596100D2AE2E /* TopicListPresenter.swift */ = {isa = PBXFileReference; fileEncoding = 4; lastKnownFileType = sourcecode.swift; path = TopicListPresenter.swift; sourceTree = "<group>"; };
		079F198C1CDB90D400D2AE2E /* AddTopicViewController.swift */ = {isa = PBXFileReference; fileEncoding = 4; lastKnownFileType = sourcecode.swift; path = AddTopicViewController.swift; sourceTree = "<group>"; };
		079F198D1CDB90D400D2AE2E /* AddTopicViewController.xib */ = {isa = PBXFileReference; fileEncoding = 4; lastKnownFileType = file.xib; path = AddTopicViewController.xib; sourceTree = "<group>"; };
		079F19901CDB91A300D2AE2E /* AddTopicPresenter.swift */ = {isa = PBXFileReference; fileEncoding = 4; lastKnownFileType = sourcecode.swift; path = AddTopicPresenter.swift; sourceTree = "<group>"; };
		07AAA72D1CF85739003A966B /* CommonStateView.swift */ = {isa = PBXFileReference; fileEncoding = 4; lastKnownFileType = sourcecode.swift; path = CommonStateView.swift; sourceTree = "<group>"; };
		07AF68481CDA02230082A68A /* Router.swift */ = {isa = PBXFileReference; fileEncoding = 4; lastKnownFileType = sourcecode.swift; path = Router.swift; sourceTree = "<group>"; };
		07B758E31CE5B52600C8726B /* RealmModels.swift */ = {isa = PBXFileReference; fileEncoding = 4; lastKnownFileType = sourcecode.swift; path = RealmModels.swift; sourceTree = "<group>"; };
		07B7BD6B1CF3286C0068B061 /* RealmTestCase.swift */ = {isa = PBXFileReference; fileEncoding = 4; lastKnownFileType = sourcecode.swift; path = RealmTestCase.swift; sourceTree = "<group>"; };
		07BA09DD1CDCE8F100E075B5 /* ContactListItemDisplayData.swift */ = {isa = PBXFileReference; fileEncoding = 4; lastKnownFileType = sourcecode.swift; path = ContactListItemDisplayData.swift; sourceTree = "<group>"; };
		07BDE08A1CEB347A004CE5EC /* SettingsViewController.swift */ = {isa = PBXFileReference; fileEncoding = 4; lastKnownFileType = sourcecode.swift; path = SettingsViewController.swift; sourceTree = "<group>"; };
		07BDE08D1CEB35CE004CE5EC /* SettingsForm.swift */ = {isa = PBXFileReference; fileEncoding = 4; lastKnownFileType = sourcecode.swift; path = SettingsForm.swift; sourceTree = "<group>"; };
		07BDE0911CEB480E004CE5EC /* SettingsPresenter.swift */ = {isa = PBXFileReference; fileEncoding = 4; lastKnownFileType = sourcecode.swift; path = SettingsPresenter.swift; sourceTree = "<group>"; };
		07BDE0961CEB52D7004CE5EC /* SettingsProvider.swift */ = {isa = PBXFileReference; fileEncoding = 4; lastKnownFileType = sourcecode.swift; path = SettingsProvider.swift; sourceTree = "<group>"; };
		07D637AF1CE47B89000D637A /* NotificationManagerLogic.swift */ = {isa = PBXFileReference; fileEncoding = 4; lastKnownFileType = sourcecode.swift; path = NotificationManagerLogic.swift; sourceTree = "<group>"; };
		07D637B11CE49D3D000D637A /* NotificationManager.swift */ = {isa = PBXFileReference; fileEncoding = 4; lastKnownFileType = sourcecode.swift; path = NotificationManager.swift; sourceTree = "<group>"; };
		07DC535C1CEEF63D00DF8C6D /* Dont Forget To Say Tests.xctest */ = {isa = PBXFileReference; explicitFileType = wrapper.cfbundle; includeInIndex = 0; path = "Dont Forget To Say Tests.xctest"; sourceTree = BUILT_PRODUCTS_DIR; };
		07DC53601CEEF63D00DF8C6D /* Info.plist */ = {isa = PBXFileReference; lastKnownFileType = text.plist.xml; path = Info.plist; sourceTree = "<group>"; };
		07DC53691CEEF70700DF8C6D /* default-v0.realm */ = {isa = PBXFileReference; lastKnownFileType = file; path = "default-v0.realm"; sourceTree = "<group>"; };
		07DC536B1CEEF77A00DF8C6D /* MigrationTests.swift */ = {isa = PBXFileReference; fileEncoding = 4; lastKnownFileType = sourcecode.swift; path = MigrationTests.swift; sourceTree = "<group>"; };
		07DEAFD71CEC83F3009070F3 /* ru */ = {isa = PBXFileReference; lastKnownFileType = text.plist.strings; name = ru; path = ru.lproj/PasscodeLock.strings; sourceTree = "<group>"; };
		07DEAFDC1CEC8A90009070F3 /* LocalizedPasscodeViewController.swift */ = {isa = PBXFileReference; fileEncoding = 4; lastKnownFileType = sourcecode.swift; path = LocalizedPasscodeViewController.swift; sourceTree = "<group>"; };
		07DEAFEB1CECBD97009070F3 /* ContactStoreProtocol.swift */ = {isa = PBXFileReference; fileEncoding = 4; lastKnownFileType = sourcecode.swift; path = ContactStoreProtocol.swift; sourceTree = "<group>"; };
		07DEAFED1CECBDA6009070F3 /* Contact.swift */ = {isa = PBXFileReference; fileEncoding = 4; lastKnownFileType = sourcecode.swift; path = Contact.swift; sourceTree = "<group>"; };
		07DEAFEF1CECBEA8009070F3 /* AddressBookContactStore.swift */ = {isa = PBXFileReference; fileEncoding = 4; lastKnownFileType = sourcecode.swift; path = AddressBookContactStore.swift; sourceTree = "<group>"; };
		07E5D7181CFC3F8900C2DEAC /* GoogleService-Info.plist */ = {isa = PBXFileReference; fileEncoding = 4; lastKnownFileType = text.plist.xml; path = "GoogleService-Info.plist"; sourceTree = "<group>"; };
		07F149A61CFD8E8F00C63CC7 /* MockAuthProvider.swift */ = {isa = PBXFileReference; fileEncoding = 4; lastKnownFileType = sourcecode.swift; path = MockAuthProvider.swift; sourceTree = "<group>"; };
		07F388A21CFC74B7009B1475 /* AuthProvider.swift */ = {isa = PBXFileReference; fileEncoding = 4; lastKnownFileType = sourcecode.swift; path = AuthProvider.swift; sourceTree = "<group>"; };
		07F388A41CFC7579009B1475 /* FirebaseAuthProvider.swift */ = {isa = PBXFileReference; fileEncoding = 4; lastKnownFileType = sourcecode.swift; path = FirebaseAuthProvider.swift; sourceTree = "<group>"; };
		07FA2E481CE4CB4100BE1EFE /* RealmDataStore.swift */ = {isa = PBXFileReference; fileEncoding = 4; lastKnownFileType = sourcecode.swift; path = RealmDataStore.swift; sourceTree = "<group>"; };
		1C2332DCF9F344BD6E19AD59 /* Pods-Dont Forget To Say.release.xcconfig */ = {isa = PBXFileReference; includeInIndex = 1; lastKnownFileType = text.xcconfig; name = "Pods-Dont Forget To Say.release.xcconfig"; path = "Pods/Target Support Files/Pods-Dont Forget To Say/Pods-Dont Forget To Say.release.xcconfig"; sourceTree = "<group>"; };
		48D24B20ABBC0F8C671AA39A /* Pods-Dont Forget To Say.debug.xcconfig */ = {isa = PBXFileReference; includeInIndex = 1; lastKnownFileType = text.xcconfig; name = "Pods-Dont Forget To Say.debug.xcconfig"; path = "Pods/Target Support Files/Pods-Dont Forget To Say/Pods-Dont Forget To Say.debug.xcconfig"; sourceTree = "<group>"; };
		6CB6ADEAB575DA82DA7C0E22 /* Pods_Dont_Forget_To_Say.framework */ = {isa = PBXFileReference; explicitFileType = wrapper.framework; includeInIndex = 0; path = Pods_Dont_Forget_To_Say.framework; sourceTree = BUILT_PRODUCTS_DIR; };
/* End PBXFileReference section */

/* Begin PBXFrameworksBuildPhase section */
		07796C951CD8CE5900CD6FDA /* Frameworks */ = {
			isa = PBXFrameworksBuildPhase;
			buildActionMask = 2147483647;
			files = (
				46651E4CC1102D15D96019B0 /* Pods_Dont_Forget_To_Say.framework in Frameworks */,
			);
			runOnlyForDeploymentPostprocessing = 0;
		};
		07DC53591CEEF63D00DF8C6D /* Frameworks */ = {
			isa = PBXFrameworksBuildPhase;
			buildActionMask = 2147483647;
			files = (
			);
			runOnlyForDeploymentPostprocessing = 0;
		};
/* End PBXFrameworksBuildPhase section */

/* Begin PBXGroup section */
		050817C495245D35D8368142 /* Pods */ = {
			isa = PBXGroup;
			children = (
				48D24B20ABBC0F8C671AA39A /* Pods-Dont Forget To Say.debug.xcconfig */,
				1C2332DCF9F344BD6E19AD59 /* Pods-Dont Forget To Say.release.xcconfig */,
			);
			name = Pods;
			sourceTree = "<group>";
		};
		0746566E1CEA1869008E5F45 /* Passcode */ = {
			isa = PBXGroup;
			children = (
				074656691CEA17C2008E5F45 /* PasscodeLockConfiguration.swift */,
				0746566B1CEA17E2008E5F45 /* UserDefaultsPasscodeRepository.swift */,
				07DEAFDC1CEC8A90009070F3 /* LocalizedPasscodeViewController.swift */,
			);
			name = Passcode;
			sourceTree = "<group>";
		};
		075B0AD41CD8E10600464EBC /* Scenes */ = {
			isa = PBXGroup;
			children = (
				075B0AD51CD8E10D00464EBC /* BuddyList */,
				079F197A1CDB562500D2AE2E /* TopicList */,
				079F19891CDB901D00D2AE2E /* AddTopic */,
				07BDE0891CEB3457004CE5EC /* Settings */,
			);
			name = Scenes;
			sourceTree = "<group>";
		};
		075B0AD51CD8E10D00464EBC /* BuddyList */ = {
			isa = PBXGroup;
			children = (
				075B0ADD1CD8E61900464EBC /* Presenter */,
				075B0AD61CD8E12000464EBC /* View */,
			);
			name = BuddyList;
			sourceTree = "<group>";
		};
		075B0AD61CD8E12000464EBC /* View */ = {
			isa = PBXGroup;
			children = (
				075B0AD01CD8E10100464EBC /* BuddyListViewController.swift */,
				075B0AD11CD8E10100464EBC /* BuddyListViewController.xib */,
				07612FC41CDA2F6E009E1600 /* BuddyTableCell.swift */,
				07612FC51CDA2F6E009E1600 /* BuddyTableCell.xib */,
			);
			name = View;
			sourceTree = "<group>";
		};
		075B0AD71CD8E46500464EBC /* Common */ = {
			isa = PBXGroup;
			children = (
				0746566E1CEA1869008E5F45 /* Passcode */,
				07612FB61CDA1CC3009E1600 /* Store */,
				07F388A01CFC7416009B1475 /* Network */,
				075B0AD81CD8E4DF00464EBC /* Model */,
				07D637AE1CE47B69000D637A /* Notifications */,
				079B996D1CF6F84A008E0045 /* View */,
				07AF68481CDA02230082A68A /* Router.swift */,
				07796C9B1CD8CE5900CD6FDA /* AppDelegate.swift */,
			);
			name = Common;
			sourceTree = "<group>";
		};
		075B0AD81CD8E4DF00464EBC /* Model */ = {
			isa = PBXGroup;
			children = (
				075B0AD91CD8E4F700464EBC /* Buddy.swift */,
				075B0ADB1CD8E51000464EBC /* Topic.swift */,
				07DEAFED1CECBDA6009070F3 /* Contact.swift */,
			);
			name = Model;
			sourceTree = "<group>";
		};
		075B0ADD1CD8E61900464EBC /* Presenter */ = {
			isa = PBXGroup;
			children = (
				075B0ADE1CD8EDFB00464EBC /* BuddyListPresenter.swift */,
				07612FC01CDA24B7009E1600 /* BuddyDisplayData.swift */,
			);
			name = Presenter;
			sourceTree = "<group>";
		};
		07612FB61CDA1CC3009E1600 /* Store */ = {
			isa = PBXGroup;
			children = (
				07DEAFE81CECBD4F009070F3 /* Data */,
				07DEAFE91CECBD68009070F3 /* Settings */,
				07DEAFEA1CECBD78009070F3 /* Contacts */,
			);
			name = Store;
			sourceTree = "<group>";
		};
		07796C8F1CD8CE5900CD6FDA = {
			isa = PBXGroup;
			children = (
				07796C9A1CD8CE5900CD6FDA /* Dont Forget To Say */,
				07DC535D1CEEF63D00DF8C6D /* Dont Forget To Say Tests */,
				07796C991CD8CE5900CD6FDA /* Products */,
				050817C495245D35D8368142 /* Pods */,
				F1B571BEDD03D6832256509D /* Frameworks */,
			);
			sourceTree = "<group>";
		};
		07796C991CD8CE5900CD6FDA /* Products */ = {
			isa = PBXGroup;
			children = (
				07796C981CD8CE5900CD6FDA /* Dont Forget To Say.app */,
				07DC535C1CEEF63D00DF8C6D /* Dont Forget To Say Tests.xctest */,
			);
			name = Products;
			sourceTree = "<group>";
		};
		07796C9A1CD8CE5900CD6FDA /* Dont Forget To Say */ = {
			isa = PBXGroup;
			children = (
				075B0AD71CD8E46500464EBC /* Common */,
				075B0AD41CD8E10600464EBC /* Scenes */,
				07DEAFDA1CEC8A2E009070F3 /* Resources */,
			);
			name = "Dont Forget To Say";
			path = "Don't Forget To Say";
			sourceTree = "<group>";
		};
		079B996D1CF6F84A008E0045 /* View */ = {
			isa = PBXGroup;
			children = (
				07AAA72D1CF85739003A966B /* CommonStateView.swift */,
				075F8B691CF5DA4100808933 /* CommonLoadingView.swift */,
				075F8B671CF5D83200808933 /* CommonLoadingView.xib */,
				079B996E1CF70691008E0045 /* CommonEmptyView.swift */,
				079B99701CF706A0008E0045 /* CommonEmptyView.xib */,
			);
			name = View;
			sourceTree = "<group>";
		};
		079F197A1CDB562500D2AE2E /* TopicList */ = {
			isa = PBXGroup;
			children = (
				079F197C1CDB565000D2AE2E /* Presenter */,
				079F197B1CDB564800D2AE2E /* View */,
			);
			name = TopicList;
			sourceTree = "<group>";
		};
		079F197B1CDB564800D2AE2E /* View */ = {
			isa = PBXGroup;
			children = (
				079F19811CDB573F00D2AE2E /* TopicListViewController.swift */,
				079F19821CDB573F00D2AE2E /* TopicListViewController.xib */,
				079F197D1CDB56FD00D2AE2E /* TopicTableCell.swift */,
				079F197E1CDB56FD00D2AE2E /* TopicTableCell.xib */,
			);
			name = View;
			sourceTree = "<group>";
		};
		079F197C1CDB565000D2AE2E /* Presenter */ = {
			isa = PBXGroup;
			children = (
				079F19871CDB596100D2AE2E /* TopicListPresenter.swift */,
				079F19851CDB58F200D2AE2E /* TopicListItemDisplayData.swift */,
			);
			name = Presenter;
			sourceTree = "<group>";
		};
		079F19891CDB901D00D2AE2E /* AddTopic */ = {
			isa = PBXGroup;
			children = (
				079F198B1CDB903400D2AE2E /* Presenter */,
				079F198A1CDB902F00D2AE2E /* View */,
			);
			name = AddTopic;
			sourceTree = "<group>";
		};
		079F198A1CDB902F00D2AE2E /* View */ = {
			isa = PBXGroup;
			children = (
				079F198C1CDB90D400D2AE2E /* AddTopicViewController.swift */,
				079F198D1CDB90D400D2AE2E /* AddTopicViewController.xib */,
			);
			name = View;
			sourceTree = "<group>";
		};
		079F198B1CDB903400D2AE2E /* Presenter */ = {
			isa = PBXGroup;
			children = (
				079F19901CDB91A300D2AE2E /* AddTopicPresenter.swift */,
				07BA09DD1CDCE8F100E075B5 /* ContactListItemDisplayData.swift */,
			);
			name = Presenter;
			sourceTree = "<group>";
		};
		07BDE0891CEB3457004CE5EC /* Settings */ = {
			isa = PBXGroup;
			children = (
				07BDE08C1CEB3550004CE5EC /* View */,
				07BDE0911CEB480E004CE5EC /* SettingsPresenter.swift */,
			);
			name = Settings;
			sourceTree = "<group>";
		};
		07BDE08C1CEB3550004CE5EC /* View */ = {
			isa = PBXGroup;
			children = (
				07BDE08A1CEB347A004CE5EC /* SettingsViewController.swift */,
				07BDE08D1CEB35CE004CE5EC /* SettingsForm.swift */,
			);
			name = View;
			sourceTree = "<group>";
		};
		07D637AE1CE47B69000D637A /* Notifications */ = {
			isa = PBXGroup;
			children = (
				07D637AF1CE47B89000D637A /* NotificationManagerLogic.swift */,
				07D637B11CE49D3D000D637A /* NotificationManager.swift */,
			);
			name = Notifications;
			sourceTree = "<group>";
		};
		07DC535D1CEEF63D00DF8C6D /* Dont Forget To Say Tests */ = {
			isa = PBXGroup;
			children = (
				07DC53661CEEF65F00DF8C6D /* Migration */,
				07DC53601CEEF63D00DF8C6D /* Info.plist */,
				07B7BD6B1CF3286C0068B061 /* RealmTestCase.swift */,
			);
			path = "Dont Forget To Say Tests";
			sourceTree = "<group>";
		};
		07DC53661CEEF65F00DF8C6D /* Migration */ = {
			isa = PBXGroup;
			children = (
				07DC53691CEEF70700DF8C6D /* default-v0.realm */,
				07DC536B1CEEF77A00DF8C6D /* MigrationTests.swift */,
			);
			name = Migration;
			sourceTree = "<group>";
		};
		07DEAFDA1CEC8A2E009070F3 /* Resources */ = {
			isa = PBXGroup;
			children = (
				07DEAFDB1CEC8A48009070F3 /* Strings */,
				07796CA21CD8CE5900CD6FDA /* Assets.xcassets */,
				07796CA41CD8CE5900CD6FDA /* LaunchScreen.storyboard */,
				07796CA71CD8CE5900CD6FDA /* Info.plist */,
				07E5D7181CFC3F8900C2DEAC /* GoogleService-Info.plist */,
			);
			name = Resources;
			sourceTree = "<group>";
		};
		07DEAFDB1CEC8A48009070F3 /* Strings */ = {
			isa = PBXGroup;
			children = (
				079F19781CDB440900D2AE2E /* Localizable.strings */,
				07DEAFD81CEC83F3009070F3 /* PasscodeLock.strings */,
			);
			name = Strings;
			sourceTree = "<group>";
		};
		07DEAFE81CECBD4F009070F3 /* Data */ = {
			isa = PBXGroup;
			children = (
				07FA2E4E1CE4D41C00BE1EFE /* Memory */,
				07FA2E4D1CE4D41200BE1EFE /* Realm */,
				07612FB71CDA1D07009E1600 /* DataStoreProtocol.swift */,
				07612FB91CDA1D1B009E1600 /* CrudStoreError.swift */,
			);
			name = Data;
			sourceTree = "<group>";
		};
		07DEAFE91CECBD68009070F3 /* Settings */ = {
			isa = PBXGroup;
			children = (
				07BDE0961CEB52D7004CE5EC /* SettingsProvider.swift */,
			);
			name = Settings;
			sourceTree = "<group>";
		};
		07DEAFEA1CECBD78009070F3 /* Contacts */ = {
			isa = PBXGroup;
			children = (
				07DEAFEB1CECBD97009070F3 /* ContactStoreProtocol.swift */,
				07DEAFEF1CECBEA8009070F3 /* AddressBookContactStore.swift */,
				073876721CEDD1B600D927E7 /* ModernContactStore.swift */,
			);
			name = Contacts;
			sourceTree = "<group>";
		};
		07F388A01CFC7416009B1475 /* Network */ = {
			isa = PBXGroup;
			children = (
				07F388A11CFC7452009B1475 /* Auth */,
			);
			name = Network;
			sourceTree = "<group>";
		};
		07F388A11CFC7452009B1475 /* Auth */ = {
			isa = PBXGroup;
			children = (
				07F388A21CFC74B7009B1475 /* AuthProvider.swift */,
				07F388A41CFC7579009B1475 /* FirebaseAuthProvider.swift */,
				07F149A61CFD8E8F00C63CC7 /* MockAuthProvider.swift */,
			);
			name = Auth;
			sourceTree = "<group>";
		};
		07FA2E4D1CE4D41200BE1EFE /* Realm */ = {
			isa = PBXGroup;
			children = (
				07FA2E481CE4CB4100BE1EFE /* RealmDataStore.swift */,
				07B758E31CE5B52600C8726B /* RealmModels.swift */,
				073876741CEDDF5700D927E7 /* RealmMigration.swift */,
				070246D41CF6D23E00DF03B1 /* RealmProvider.swift */,
			);
			name = Realm;
			sourceTree = "<group>";
		};
		07FA2E4E1CE4D41C00BE1EFE /* Memory */ = {
			isa = PBXGroup;
			children = (
				07612FBE1CDA1D64009E1600 /* MemDataStore.swift */,
			);
			name = Memory;
			sourceTree = "<group>";
		};
		F1B571BEDD03D6832256509D /* Frameworks */ = {
			isa = PBXGroup;
			children = (
				6CB6ADEAB575DA82DA7C0E22 /* Pods_Dont_Forget_To_Say.framework */,
			);
			name = Frameworks;
			sourceTree = "<group>";
		};
/* End PBXGroup section */

/* Begin PBXNativeTarget section */
		07796C971CD8CE5900CD6FDA /* Dont Forget To Say */ = {
			isa = PBXNativeTarget;
			buildConfigurationList = 07796CAA1CD8CE5900CD6FDA /* Build configuration list for PBXNativeTarget "Dont Forget To Say" */;
			buildPhases = (
				71236D14F22DEF235767C347 /* 📦 Check Pods Manifest.lock */,
				07796C941CD8CE5900CD6FDA /* Sources */,
				07796C951CD8CE5900CD6FDA /* Frameworks */,
				07796C961CD8CE5900CD6FDA /* Resources */,
				B39FA2AAD7C54A9965EF1DB4 /* 📦 Embed Pods Frameworks */,
				6E345E230161C2E37892CD35 /* 📦 Copy Pods Resources */,
				0708A6796760B83B9103A5F7 /* Embed Pods Frameworks */,
			);
			buildRules = (
			);
			dependencies = (
			);
			name = "Dont Forget To Say";
			productName = "Don't Forget To Say";
			productReference = 07796C981CD8CE5900CD6FDA /* Dont Forget To Say.app */;
			productType = "com.apple.product-type.application";
		};
		07DC535B1CEEF63D00DF8C6D /* Dont Forget To Say Tests */ = {
			isa = PBXNativeTarget;
			buildConfigurationList = 07DC53651CEEF63D00DF8C6D /* Build configuration list for PBXNativeTarget "Dont Forget To Say Tests" */;
			buildPhases = (
				07DC53581CEEF63D00DF8C6D /* Sources */,
				07DC53591CEEF63D00DF8C6D /* Frameworks */,
				07DC535A1CEEF63D00DF8C6D /* Resources */,
			);
			buildRules = (
			);
			dependencies = (
				07DC53621CEEF63D00DF8C6D /* PBXTargetDependency */,
			);
			name = "Dont Forget To Say Tests";
			productName = "Dont Forget To Say Tests";
			productReference = 07DC535C1CEEF63D00DF8C6D /* Dont Forget To Say Tests.xctest */;
			productType = "com.apple.product-type.bundle.unit-test";
		};
/* End PBXNativeTarget section */

/* Begin PBXProject section */
		07796C901CD8CE5900CD6FDA /* Project object */ = {
			isa = PBXProject;
			attributes = {
				LastSwiftUpdateCheck = 0730;
				LastUpgradeCheck = 0730;
				ORGANIZATIONNAME = Romanzes;
				TargetAttributes = {
					07796C971CD8CE5900CD6FDA = {
						CreatedOnToolsVersion = 7.3;
						DevelopmentTeam = EZVHN5KL4Z;
					};
					07DC535B1CEEF63D00DF8C6D = {
						CreatedOnToolsVersion = 7.3;
						TestTargetID = 07796C971CD8CE5900CD6FDA;
					};
				};
			};
			buildConfigurationList = 07796C931CD8CE5900CD6FDA /* Build configuration list for PBXProject "Dont Forget To Say" */;
			compatibilityVersion = "Xcode 3.2";
			developmentRegion = English;
			hasScannedForEncodings = 0;
			knownRegions = (
				en,
				Base,
			);
			mainGroup = 07796C8F1CD8CE5900CD6FDA;
			productRefGroup = 07796C991CD8CE5900CD6FDA /* Products */;
			projectDirPath = "";
			projectRoot = "";
			targets = (
				07796C971CD8CE5900CD6FDA /* Dont Forget To Say */,
				07DC535B1CEEF63D00DF8C6D /* Dont Forget To Say Tests */,
			);
		};
/* End PBXProject section */

/* Begin PBXResourcesBuildPhase section */
		07796C961CD8CE5900CD6FDA /* Resources */ = {
			isa = PBXResourcesBuildPhase;
			buildActionMask = 2147483647;
			files = (
				079B99711CF706A0008E0045 /* CommonEmptyView.xib in Resources */,
				079F19801CDB56FD00D2AE2E /* TopicTableCell.xib in Resources */,
				079F19761CDB440900D2AE2E /* Localizable.strings in Resources */,
				075F8B681CF5D83200808933 /* CommonLoadingView.xib in Resources */,
				079F198F1CDB90D400D2AE2E /* AddTopicViewController.xib in Resources */,
				07E5D7191CFC3F8900C2DEAC /* GoogleService-Info.plist in Resources */,
				07DEAFD61CEC83F3009070F3 /* PasscodeLock.strings in Resources */,
				079F19841CDB573F00D2AE2E /* TopicListViewController.xib in Resources */,
				07796CA61CD8CE5900CD6FDA /* LaunchScreen.storyboard in Resources */,
				07796CA31CD8CE5900CD6FDA /* Assets.xcassets in Resources */,
				075B0AD31CD8E10100464EBC /* BuddyListViewController.xib in Resources */,
				07612FC71CDA2F6E009E1600 /* BuddyTableCell.xib in Resources */,
			);
			runOnlyForDeploymentPostprocessing = 0;
		};
		07DC535A1CEEF63D00DF8C6D /* Resources */ = {
			isa = PBXResourcesBuildPhase;
			buildActionMask = 2147483647;
			files = (
				07DC536A1CEEF70700DF8C6D /* default-v0.realm in Resources */,
			);
			runOnlyForDeploymentPostprocessing = 0;
		};
/* End PBXResourcesBuildPhase section */

/* Begin PBXShellScriptBuildPhase section */
		0708A6796760B83B9103A5F7 /* Embed Pods Frameworks */ = {
			isa = PBXShellScriptBuildPhase;
			buildActionMask = 2147483647;
			files = (
			);
			inputPaths = (
			);
			name = "Embed Pods Frameworks";
			outputPaths = (
			);
			runOnlyForDeploymentPostprocessing = 0;
			shellPath = /bin/sh;
			shellScript = "\"${SRCROOT}/Pods/Target Support Files/Pods-Dont Forget To Say/Pods-Dont Forget To Say-frameworks.sh\"\n";
			showEnvVarsInLog = 0;
		};
		6E345E230161C2E37892CD35 /* 📦 Copy Pods Resources */ = {
			isa = PBXShellScriptBuildPhase;
			buildActionMask = 2147483647;
			files = (
			);
			inputPaths = (
			);
			name = "📦 Copy Pods Resources";
			outputPaths = (
			);
			runOnlyForDeploymentPostprocessing = 0;
			shellPath = /bin/sh;
			shellScript = "\"${SRCROOT}/Pods/Target Support Files/Pods-Dont Forget To Say/Pods-Dont Forget To Say-resources.sh\"\n";
			showEnvVarsInLog = 0;
		};
		71236D14F22DEF235767C347 /* 📦 Check Pods Manifest.lock */ = {
			isa = PBXShellScriptBuildPhase;
			buildActionMask = 2147483647;
			files = (
			);
			inputPaths = (
			);
			name = "📦 Check Pods Manifest.lock";
			outputPaths = (
			);
			runOnlyForDeploymentPostprocessing = 0;
			shellPath = /bin/sh;
			shellScript = "diff \"${PODS_ROOT}/../Podfile.lock\" \"${PODS_ROOT}/Manifest.lock\" > /dev/null\nif [[ $? != 0 ]] ; then\n    cat << EOM\nerror: The sandbox is not in sync with the Podfile.lock. Run 'pod install' or update your CocoaPods installation.\nEOM\n    exit 1\nfi\n";
			showEnvVarsInLog = 0;
		};
		B39FA2AAD7C54A9965EF1DB4 /* 📦 Embed Pods Frameworks */ = {
			isa = PBXShellScriptBuildPhase;
			buildActionMask = 2147483647;
			files = (
			);
			inputPaths = (
			);
			name = "📦 Embed Pods Frameworks";
			outputPaths = (
			);
			runOnlyForDeploymentPostprocessing = 0;
			shellPath = /bin/sh;
			shellScript = "\"${SRCROOT}/Pods/Target Support Files/Pods-Dont Forget To Say/Pods-Dont Forget To Say-frameworks.sh\"\n";
			showEnvVarsInLog = 0;
		};
/* End PBXShellScriptBuildPhase section */

/* Begin PBXSourcesBuildPhase section */
		07796C941CD8CE5900CD6FDA /* Sources */ = {
			isa = PBXSourcesBuildPhase;
			buildActionMask = 2147483647;
			files = (
				07DEAFEC1CECBD97009070F3 /* ContactStoreProtocol.swift in Sources */,
				07FA2E491CE4CB4100BE1EFE /* RealmDataStore.swift in Sources */,
				07DEAFF01CECBEA8009070F3 /* AddressBookContactStore.swift in Sources */,
				079F19911CDB91A300D2AE2E /* AddTopicPresenter.swift in Sources */,
				079F197F1CDB56FD00D2AE2E /* TopicTableCell.swift in Sources */,
				07D637B01CE47B89000D637A /* NotificationManagerLogic.swift in Sources */,
				079F198E1CDB90D400D2AE2E /* AddTopicViewController.swift in Sources */,
				07BDE0921CEB480E004CE5EC /* SettingsPresenter.swift in Sources */,
				07612FC61CDA2F6E009E1600 /* BuddyTableCell.swift in Sources */,
				0746566A1CEA17C2008E5F45 /* PasscodeLockConfiguration.swift in Sources */,
				07612FC11CDA24B7009E1600 /* BuddyDisplayData.swift in Sources */,
				07DEAFDD1CEC8A90009070F3 /* LocalizedPasscodeViewController.swift in Sources */,
				07BDE08E1CEB35CE004CE5EC /* SettingsForm.swift in Sources */,
				07796C9C1CD8CE5900CD6FDA /* AppDelegate.swift in Sources */,
				07DEAFEE1CECBDA6009070F3 /* Contact.swift in Sources */,
				079F19861CDB58F200D2AE2E /* TopicListItemDisplayData.swift in Sources */,
				079F19881CDB596100D2AE2E /* TopicListPresenter.swift in Sources */,
				075B0ADF1CD8EDFB00464EBC /* BuddyListPresenter.swift in Sources */,
				07F388A31CFC74B7009B1475 /* AuthProvider.swift in Sources */,
				07F388A51CFC7579009B1475 /* FirebaseAuthProvider.swift in Sources */,
				07BA09DE1CDCE8F100E075B5 /* ContactListItemDisplayData.swift in Sources */,
				07612FB81CDA1D07009E1600 /* DataStoreProtocol.swift in Sources */,
				075B0ADC1CD8E51000464EBC /* Topic.swift in Sources */,
				079F19831CDB573F00D2AE2E /* TopicListViewController.swift in Sources */,
				0746566C1CEA17E2008E5F45 /* UserDefaultsPasscodeRepository.swift in Sources */,
				07B758E41CE5B52600C8726B /* RealmModels.swift in Sources */,
				07612FBA1CDA1D1B009E1600 /* CrudStoreError.swift in Sources */,
				07AF68491CDA02230082A68A /* Router.swift in Sources */,
				070246D51CF6D23E00DF03B1 /* RealmProvider.swift in Sources */,
				075B0ADA1CD8E4F700464EBC /* Buddy.swift in Sources */,
				07F149A71CFD8E8F00C63CC7 /* MockAuthProvider.swift in Sources */,
				07612FBF1CDA1D64009E1600 /* MemDataStore.swift in Sources */,
				079B996F1CF70691008E0045 /* CommonEmptyView.swift in Sources */,
				07BDE08B1CEB347A004CE5EC /* SettingsViewController.swift in Sources */,
				075B0AD21CD8E10100464EBC /* BuddyListViewController.swift in Sources */,
				075F8B6A1CF5DA4100808933 /* CommonLoadingView.swift in Sources */,
				073876731CEDD1B600D927E7 /* ModernContactStore.swift in Sources */,
				07D637B21CE49D3D000D637A /* NotificationManager.swift in Sources */,
				073876751CEDDF5700D927E7 /* RealmMigration.swift in Sources */,
				07BDE0971CEB52D7004CE5EC /* SettingsProvider.swift in Sources */,
				07AAA72E1CF85739003A966B /* CommonStateView.swift in Sources */,
			);
			runOnlyForDeploymentPostprocessing = 0;
		};
		07DC53581CEEF63D00DF8C6D /* Sources */ = {
			isa = PBXSourcesBuildPhase;
			buildActionMask = 2147483647;
			files = (
				07DC536C1CEEF77A00DF8C6D /* MigrationTests.swift in Sources */,
				07B7BD6C1CF3286C0068B061 /* RealmTestCase.swift in Sources */,
			);
			runOnlyForDeploymentPostprocessing = 0;
		};
/* End PBXSourcesBuildPhase section */

/* Begin PBXTargetDependency section */
		07DC53621CEEF63D00DF8C6D /* PBXTargetDependency */ = {
			isa = PBXTargetDependency;
			target = 07796C971CD8CE5900CD6FDA /* Dont Forget To Say */;
			targetProxy = 07DC53611CEEF63D00DF8C6D /* PBXContainerItemProxy */;
		};
/* End PBXTargetDependency section */

/* Begin PBXVariantGroup section */
		07796CA41CD8CE5900CD6FDA /* LaunchScreen.storyboard */ = {
			isa = PBXVariantGroup;
			children = (
				07796CA51CD8CE5900CD6FDA /* Base */,
			);
			name = LaunchScreen.storyboard;
			sourceTree = "<group>";
		};
		079F19781CDB440900D2AE2E /* Localizable.strings */ = {
			isa = PBXVariantGroup;
			children = (
				079F19771CDB440900D2AE2E /* ru */,
				079F19791CDB442800D2AE2E /* Base */,
			);
			name = Localizable.strings;
			sourceTree = "<group>";
		};
		07DEAFD81CEC83F3009070F3 /* PasscodeLock.strings */ = {
			isa = PBXVariantGroup;
			children = (
				07DEAFD71CEC83F3009070F3 /* ru */,
			);
			name = PasscodeLock.strings;
			sourceTree = "<group>";
		};
/* End PBXVariantGroup section */

/* Begin XCBuildConfiguration section */
		07796CA81CD8CE5900CD6FDA /* Debug */ = {
			isa = XCBuildConfiguration;
			buildSettings = {
				ALWAYS_SEARCH_USER_PATHS = NO;
				CLANG_ANALYZER_NONNULL = YES;
				CLANG_CXX_LANGUAGE_STANDARD = "gnu++0x";
				CLANG_CXX_LIBRARY = "libc++";
				CLANG_ENABLE_MODULES = YES;
				CLANG_ENABLE_OBJC_ARC = YES;
				CLANG_WARN_BOOL_CONVERSION = YES;
				CLANG_WARN_CONSTANT_CONVERSION = YES;
				CLANG_WARN_DIRECT_OBJC_ISA_USAGE = YES_ERROR;
				CLANG_WARN_EMPTY_BODY = YES;
				CLANG_WARN_ENUM_CONVERSION = YES;
				CLANG_WARN_INT_CONVERSION = YES;
				CLANG_WARN_OBJC_ROOT_CLASS = YES_ERROR;
				CLANG_WARN_UNREACHABLE_CODE = YES;
				CLANG_WARN__DUPLICATE_METHOD_MATCH = YES;
				"CODE_SIGN_IDENTITY[sdk=iphoneos*]" = "iPhone Developer";
				COPY_PHASE_STRIP = NO;
				DEBUG_INFORMATION_FORMAT = dwarf;
				ENABLE_STRICT_OBJC_MSGSEND = YES;
				ENABLE_TESTABILITY = YES;
				GCC_C_LANGUAGE_STANDARD = gnu99;
				GCC_DYNAMIC_NO_PIC = NO;
				GCC_NO_COMMON_BLOCKS = YES;
				GCC_OPTIMIZATION_LEVEL = 0;
				GCC_PREPROCESSOR_DEFINITIONS = (
					"DEBUG=1",
					"$(inherited)",
				);
				GCC_WARN_64_TO_32_BIT_CONVERSION = YES;
				GCC_WARN_ABOUT_RETURN_TYPE = YES_ERROR;
				GCC_WARN_UNDECLARED_SELECTOR = YES;
				GCC_WARN_UNINITIALIZED_AUTOS = YES_AGGRESSIVE;
				GCC_WARN_UNUSED_FUNCTION = YES;
				GCC_WARN_UNUSED_VARIABLE = YES;
				IPHONEOS_DEPLOYMENT_TARGET = 8.0;
				MTL_ENABLE_DEBUG_INFO = YES;
				ONLY_ACTIVE_ARCH = YES;
				SDKROOT = iphoneos;
				SWIFT_OPTIMIZATION_LEVEL = "-Onone";
				TARGETED_DEVICE_FAMILY = "1,2";
			};
			name = Debug;
		};
		07796CA91CD8CE5900CD6FDA /* Release */ = {
			isa = XCBuildConfiguration;
			buildSettings = {
				ALWAYS_SEARCH_USER_PATHS = NO;
				CLANG_ANALYZER_NONNULL = YES;
				CLANG_CXX_LANGUAGE_STANDARD = "gnu++0x";
				CLANG_CXX_LIBRARY = "libc++";
				CLANG_ENABLE_MODULES = YES;
				CLANG_ENABLE_OBJC_ARC = YES;
				CLANG_WARN_BOOL_CONVERSION = YES;
				CLANG_WARN_CONSTANT_CONVERSION = YES;
				CLANG_WARN_DIRECT_OBJC_ISA_USAGE = YES_ERROR;
				CLANG_WARN_EMPTY_BODY = YES;
				CLANG_WARN_ENUM_CONVERSION = YES;
				CLANG_WARN_INT_CONVERSION = YES;
				CLANG_WARN_OBJC_ROOT_CLASS = YES_ERROR;
				CLANG_WARN_UNREACHABLE_CODE = YES;
				CLANG_WARN__DUPLICATE_METHOD_MATCH = YES;
				"CODE_SIGN_IDENTITY[sdk=iphoneos*]" = "iPhone Developer";
				COPY_PHASE_STRIP = NO;
				DEBUG_INFORMATION_FORMAT = "dwarf-with-dsym";
				ENABLE_NS_ASSERTIONS = NO;
				ENABLE_STRICT_OBJC_MSGSEND = YES;
				GCC_C_LANGUAGE_STANDARD = gnu99;
				GCC_NO_COMMON_BLOCKS = YES;
				GCC_WARN_64_TO_32_BIT_CONVERSION = YES;
				GCC_WARN_ABOUT_RETURN_TYPE = YES_ERROR;
				GCC_WARN_UNDECLARED_SELECTOR = YES;
				GCC_WARN_UNINITIALIZED_AUTOS = YES_AGGRESSIVE;
				GCC_WARN_UNUSED_FUNCTION = YES;
				GCC_WARN_UNUSED_VARIABLE = YES;
				IPHONEOS_DEPLOYMENT_TARGET = 8.0;
				MTL_ENABLE_DEBUG_INFO = NO;
				SDKROOT = iphoneos;
				TARGETED_DEVICE_FAMILY = "1,2";
				VALIDATE_PRODUCT = YES;
			};
			name = Release;
		};
		07796CAB1CD8CE5900CD6FDA /* Debug */ = {
			isa = XCBuildConfiguration;
			baseConfigurationReference = 48D24B20ABBC0F8C671AA39A /* Pods-Dont Forget To Say.debug.xcconfig */;
			buildSettings = {
				ASSETCATALOG_COMPILER_APPICON_NAME = AppIcon;
				CODE_SIGN_IDENTITY = "iPhone Developer";
				"CODE_SIGN_IDENTITY[sdk=iphoneos*]" = "iPhone Developer";
				INFOPLIST_FILE = "Don't Forget To Say/Info.plist";
				LD_RUNPATH_SEARCH_PATHS = "$(inherited) @executable_path/Frameworks";
				PRODUCT_BUNDLE_IDENTIFIER = "com.romanzes.Don-t-Forget-To-Say";
				PRODUCT_NAME = "Dont Forget To Say";
				PROVISIONING_PROFILE = "";
			};
			name = Debug;
		};
		07796CAC1CD8CE5900CD6FDA /* Release */ = {
			isa = XCBuildConfiguration;
			baseConfigurationReference = 1C2332DCF9F344BD6E19AD59 /* Pods-Dont Forget To Say.release.xcconfig */;
			buildSettings = {
				ASSETCATALOG_COMPILER_APPICON_NAME = AppIcon;
				CODE_SIGN_IDENTITY = "iPhone Developer";
				"CODE_SIGN_IDENTITY[sdk=iphoneos*]" = "iPhone Developer";
				INFOPLIST_FILE = "Don't Forget To Say/Info.plist";
				LD_RUNPATH_SEARCH_PATHS = "$(inherited) @executable_path/Frameworks";
				PRODUCT_BUNDLE_IDENTIFIER = "com.romanzes.Don-t-Forget-To-Say";
				PRODUCT_NAME = "Dont Forget To Say";
				PROVISIONING_PROFILE = "";
			};
			name = Release;
		};
		07DC53631CEEF63D00DF8C6D /* Debug */ = {
			isa = XCBuildConfiguration;
			buildSettings = {
				BUNDLE_LOADER = "$(TEST_HOST)";
				INFOPLIST_FILE = "Dont Forget To Say Tests/Info.plist";
				IPHONEOS_DEPLOYMENT_TARGET = 9.3;
				LD_RUNPATH_SEARCH_PATHS = "$(inherited) @executable_path/Frameworks @loader_path/Frameworks";
				PRODUCT_BUNDLE_IDENTIFIER = "com.romanzes.Dont-Forget-To-Say-Tests";
				PRODUCT_NAME = "$(TARGET_NAME)";
				TEST_HOST = "$(BUILT_PRODUCTS_DIR)/Dont Forget To Say.app/Dont Forget To Say";
			};
			name = Debug;
		};
		07DC53641CEEF63D00DF8C6D /* Release */ = {
			isa = XCBuildConfiguration;
			buildSettings = {
				BUNDLE_LOADER = "$(TEST_HOST)";
				INFOPLIST_FILE = "Dont Forget To Say Tests/Info.plist";
				IPHONEOS_DEPLOYMENT_TARGET = 9.3;
				LD_RUNPATH_SEARCH_PATHS = "$(inherited) @executable_path/Frameworks @loader_path/Frameworks";
				PRODUCT_BUNDLE_IDENTIFIER = "com.romanzes.Dont-Forget-To-Say-Tests";
				PRODUCT_NAME = "$(TARGET_NAME)";
				TEST_HOST = "$(BUILT_PRODUCTS_DIR)/Dont Forget To Say.app/Dont Forget To Say";
			};
			name = Release;
		};
/* End XCBuildConfiguration section */

/* Begin XCConfigurationList section */
		07796C931CD8CE5900CD6FDA /* Build configuration list for PBXProject "Dont Forget To Say" */ = {
			isa = XCConfigurationList;
			buildConfigurations = (
				07796CA81CD8CE5900CD6FDA /* Debug */,
				07796CA91CD8CE5900CD6FDA /* Release */,
			);
			defaultConfigurationIsVisible = 0;
			defaultConfigurationName = Release;
		};
		07796CAA1CD8CE5900CD6FDA /* Build configuration list for PBXNativeTarget "Dont Forget To Say" */ = {
			isa = XCConfigurationList;
			buildConfigurations = (
				07796CAB1CD8CE5900CD6FDA /* Debug */,
				07796CAC1CD8CE5900CD6FDA /* Release */,
			);
			defaultConfigurationIsVisible = 0;
			defaultConfigurationName = Release;
		};
		07DC53651CEEF63D00DF8C6D /* Build configuration list for PBXNativeTarget "Dont Forget To Say Tests" */ = {
			isa = XCConfigurationList;
			buildConfigurations = (
				07DC53631CEEF63D00DF8C6D /* Debug */,
				07DC53641CEEF63D00DF8C6D /* Release */,
			);
			defaultConfigurationIsVisible = 0;
			defaultConfigurationName = Release;
		};
/* End XCConfigurationList section */
	};
	rootObject = 07796C901CD8CE5900CD6FDA /* Project object */;
}
