PODS:
  - AsyncSwift (1.7.2)
  - FXForms (1.2.14)
  - PasscodeLock (1.0.2)
  - Realm (0.103.2):
    - Realm/Headers (= 0.103.2)
  - Realm/Headers (0.103.2)
  - RealmSwift (0.103.2):
    - Realm (= 0.103.2)
  - StatefulViewController (1.1)
  - SwiftAddressBook (0.6.2)
  - Swinject (1.1.1)
  - THContactPicker (2.0)

DEPENDENCIES:
  - AsyncSwift (~> 1.7.2)
  - FXForms (~> 1.2.14)
  - PasscodeLock (~> 1.0.1)
  - RealmSwift (~> 0.103.2)
  - StatefulViewController (from `https://github.com/aschuch/StatefulViewController.git`, commit `e23246e097`)
  - SwiftAddressBook (~> 0.6.2)
  - Swinject (~> 1.1.0)
  - THContactPicker (~> 2.0)

EXTERNAL SOURCES:
  StatefulViewController:
    :commit: e23246e097
    :git: https://github.com/aschuch/StatefulViewController.git

CHECKOUT OPTIONS:
  StatefulViewController:
    :commit: e23246e097
    :git: https://github.com/aschuch/StatefulViewController.git

SPEC CHECKSUMS:
  AsyncSwift: 46a78bceb11f0e5bb52747f740d9692ec78d2d7c
  FXForms: 724500c0c3f3eb3ba1004b3b83abcee55d3daf18
  PasscodeLock: 4ae42c094224a01de3773fcd69ae33886394d959
  Realm: 448f0416079fe5b0ed947e7d86f3c4e1c75826cb
  RealmSwift: 8a45cc8f02dfac093b72a3b5a01d567e27e15891
  StatefulViewController: 396f6d25676680a5c0503143cca55be23ab8c362
  SwiftAddressBook: 88c68c6bd0c6a9cb10e5cdc80f91fd87b5e0f4ec
  Swinject: 8c1b46e49c604f8c5c1f45f92ef314d3736bbef4
  THContactPicker: 4345c81a407af534e5f618d495e8fb422a911c10

PODFILE CHECKSUM: d621dcdbd180ed2e3ce7b2e02e202cbcee33a627

COCOAPODS: 1.0.1
